
Microsoft Visual Studio Solution File, Format Version 12.00
# Visual Studio 14
VisualStudioVersion = 14.0.25420.1
MinimumVisualStudioVersion = 10.0.40219.1
Project("{FAE04EC0-301F-11D3-BF4B-00C04F79EFBC}") = "DAL.Contracts", "DAL.Contracts\DAL.Contracts.csproj", "{6B5FC7EF-81E1-4BE9-AC72-7D1A935FBD6D}"
EndProject
Project("{FAE04EC0-301F-11D3-BF4B-00C04F79EFBC}") = "WebApplication1", "WebApplication1\WebApplication1.csproj", "{A739F052-9BE3-4D23-BEA3-168B0CCD84FF}"
EndProject
Project("{FAE04EC0-301F-11D3-BF4B-00C04F79EFBC}") = "Backend.Contracts", "Backend.Contracts\Backend.Contracts.csproj", "{E8E857F1-2DE1-403C-BF6C-C6CE684E09F7}"
EndProject
Global
	GlobalSection(SolutionConfigurationPlatforms) = preSolution
		Debug|Any CPU = Debug|Any CPU
		Release|Any CPU = Release|Any CPU
	EndGlobalSection
	GlobalSection(ProjectConfigurationPlatforms) = postSolution
		{6B5FC7EF-81E1-4BE9-AC72-7D1A935FBD6D}.Debug|Any CPU.ActiveCfg = Debug|Any CPU
		{6B5FC7EF-81E1-4BE9-AC72-7D1A935FBD6D}.Debug|Any CPU.Build.0 = Debug|Any CPU
		{6B5FC7EF-81E1-4BE9-AC72-7D1A935FBD6D}.Release|Any CPU.ActiveCfg = Release|Any CPU
		{6B5FC7EF-81E1-4BE9-AC72-7D1A935FBD6D}.Release|Any CPU.Build.0 = Release|Any CPU
		{A739F052-9BE3-4D23-BEA3-168B0CCD84FF}.Debug|Any CPU.ActiveCfg = Debug|Any CPU
		{A739F052-9BE3-4D23-BEA3-168B0CCD84FF}.Debug|Any CPU.Build.0 = Debug|Any CPU
		{A739F052-9BE3-4D23-BEA3-168B0CCD84FF}.Release|Any CPU.ActiveCfg = Release|Any CPU
		{A739F052-9BE3-4D23-BEA3-168B0CCD84FF}.Release|Any CPU.Build.0 = Release|Any CPU
		{E8E857F1-2DE1-403C-BF6C-C6CE684E09F7}.Debug|Any CPU.ActiveCfg = Debug|Any CPU
		{E8E857F1-2DE1-403C-BF6C-C6CE684E09F7}.Debug|Any CPU.Build.0 = Debug|Any CPU
		{E8E857F1-2DE1-403C-BF6C-C6CE684E09F7}.Release|Any CPU.ActiveCfg = Release|Any CPU
		{E8E857F1-2DE1-403C-BF6C-C6CE684E09F7}.Release|Any CPU.Build.0 = Release|Any CPU
	EndGlobalSection
	GlobalSection(SolutionProperties) = preSolution
		HideSolutionNode = FALSE
	EndGlobalSection
EndGlobal
